// !$*UTF8*$!
{
	archiveVersion = 1;
	classes = {
	};
	objectVersion = 56;
	objects = {

/* Begin PBXBuildFile section */
		143134022AD3421E0021E83A /* SelectCourseView.swift in Sources */ = {isa = PBXBuildFile; fileRef = 143134012AD3421E0021E83A /* SelectCourseView.swift */; };
		143134122AD5C8C40021E83A /* NotificationManager.swift in Sources */ = {isa = PBXBuildFile; fileRef = 143134112AD5C8C40021E83A /* NotificationManager.swift */; };
		147DAD232ACF4F8C00D676F0 /* OnboardingView.swift in Sources */ = {isa = PBXBuildFile; fileRef = 147DAD222ACF4F8C00D676F0 /* OnboardingView.swift */; };
		147DAD252ACF4FCB00D676F0 /* HomeView.swift in Sources */ = {isa = PBXBuildFile; fileRef = 147DAD242ACF4FCB00D676F0 /* HomeView.swift */; };
		147DAD282ACF500900D676F0 /* CustomeTabBar.swift in Sources */ = {isa = PBXBuildFile; fileRef = 147DAD272ACF500900D676F0 /* CustomeTabBar.swift */; };
		147DAD2A2ACF500E00D676F0 /* HexagonView.swift in Sources */ = {isa = PBXBuildFile; fileRef = 147DAD292ACF500E00D676F0 /* HexagonView.swift */; };
		147DAD2C2ACF508B00D676F0 /* MainView.swift in Sources */ = {isa = PBXBuildFile; fileRef = 147DAD2B2ACF508B00D676F0 /* MainView.swift */; };
		147DAD2E2ACF50C500D676F0 /* LinkView.swift in Sources */ = {isa = PBXBuildFile; fileRef = 147DAD2D2ACF50C500D676F0 /* LinkView.swift */; };
		147DAD302ACF515200D676F0 /* subject.swift in Sources */ = {isa = PBXBuildFile; fileRef = 147DAD2F2ACF515200D676F0 /* subject.swift */; };
		147DAD322ACF515900D676F0 /* TimeTableModel.swift in Sources */ = {isa = PBXBuildFile; fileRef = 147DAD312ACF515900D676F0 /* TimeTableModel.swift */; };
		147DAD342ACF51E700D676F0 /* Data.swift in Sources */ = {isa = PBXBuildFile; fileRef = 147DAD332ACF51E700D676F0 /* Data.swift */; };
		147DAD362ACF530800D676F0 /* CoursesView.swift in Sources */ = {isa = PBXBuildFile; fileRef = 147DAD352ACF530700D676F0 /* CoursesView.swift */; };
		147DAD382ACF57B800D676F0 /* CourseDetailView.swift in Sources */ = {isa = PBXBuildFile; fileRef = 147DAD372ACF57B800D676F0 /* CourseDetailView.swift */; };
		147DAD3B2ACF5C0300D676F0 /* Database.xcdatamodeld in Sources */ = {isa = PBXBuildFile; fileRef = 147DAD392ACF5C0300D676F0 /* Database.xcdatamodeld */; };
		147DAD3E2ACF5C6D00D676F0 /* DatabaseController.swift in Sources */ = {isa = PBXBuildFile; fileRef = 147DAD3D2ACF5C6D00D676F0 /* DatabaseController.swift */; };
		147DAD402ACF655B00D676F0 /* ScheduleView.swift in Sources */ = {isa = PBXBuildFile; fileRef = 147DAD3F2ACF655B00D676F0 /* ScheduleView.swift */; };
		147DAD422ACF6A6400D676F0 /* EditCoursesView.swift in Sources */ = {isa = PBXBuildFile; fileRef = 147DAD412ACF6A6400D676F0 /* EditCoursesView.swift */; };
		147DAD442ACF7AE400D676F0 /* AddExamView.swift in Sources */ = {isa = PBXBuildFile; fileRef = 147DAD432ACF7AE400D676F0 /* AddExamView.swift */; };
		147DAD462ACF7B2900D676F0 /* ExamDatesView.swift in Sources */ = {isa = PBXBuildFile; fileRef = 147DAD452ACF7B2900D676F0 /* ExamDatesView.swift */; };
		147DAD482ACF7B9600D676F0 /* SettingView.swift in Sources */ = {isa = PBXBuildFile; fileRef = 147DAD472ACF7B9600D676F0 /* SettingView.swift */; };
		416E701D2ACF4D1F007FA2CA /* AtilimScheduleApp.swift in Sources */ = {isa = PBXBuildFile; fileRef = 416E701C2ACF4D1F007FA2CA /* AtilimScheduleApp.swift */; };
		416E701F2ACF4D1F007FA2CA /* ContentView.swift in Sources */ = {isa = PBXBuildFile; fileRef = 416E701E2ACF4D1F007FA2CA /* ContentView.swift */; };
		416E70212ACF4D20007FA2CA /* Assets.xcassets in Resources */ = {isa = PBXBuildFile; fileRef = 416E70202ACF4D20007FA2CA /* Assets.xcassets */; };
		416E70242ACF4D20007FA2CA /* Preview Assets.xcassets in Resources */ = {isa = PBXBuildFile; fileRef = 416E70232ACF4D20007FA2CA /* Preview Assets.xcassets */; };
		416E702B2AD00D8F007FA2CA /* MakeScheduleView.swift in Sources */ = {isa = PBXBuildFile; fileRef = 416E702A2AD00D8F007FA2CA /* MakeScheduleView.swift */; };
		416E702D2AD01042007FA2CA /* ScheduleGeneratorViewModel.swift in Sources */ = {isa = PBXBuildFile; fileRef = 416E702C2AD01042007FA2CA /* ScheduleGeneratorViewModel.swift */; };
		416E702F2AD01309007FA2CA /* ScheduleResultView.swift in Sources */ = {isa = PBXBuildFile; fileRef = 416E702E2AD01309007FA2CA /* ScheduleResultView.swift */; };
/* End PBXBuildFile section */

/* Begin PBXFileReference section */
		143134012AD3421E0021E83A /* SelectCourseView.swift */ = {isa = PBXFileReference; lastKnownFileType = sourcecode.swift; path = SelectCourseView.swift; sourceTree = "<group>"; };
		143134112AD5C8C40021E83A /* NotificationManager.swift */ = {isa = PBXFileReference; lastKnownFileType = sourcecode.swift; path = NotificationManager.swift; sourceTree = "<group>"; };
		147DAD222ACF4F8C00D676F0 /* OnboardingView.swift */ = {isa = PBXFileReference; fileEncoding = 4; lastKnownFileType = sourcecode.swift; path = OnboardingView.swift; sourceTree = "<group>"; };
		147DAD242ACF4FCB00D676F0 /* HomeView.swift */ = {isa = PBXFileReference; fileEncoding = 4; lastKnownFileType = sourcecode.swift; path = HomeView.swift; sourceTree = "<group>"; };
		147DAD272ACF500900D676F0 /* CustomeTabBar.swift */ = {isa = PBXFileReference; fileEncoding = 4; lastKnownFileType = sourcecode.swift; path = CustomeTabBar.swift; sourceTree = "<group>"; };
		147DAD292ACF500E00D676F0 /* HexagonView.swift */ = {isa = PBXFileReference; fileEncoding = 4; lastKnownFileType = sourcecode.swift; path = HexagonView.swift; sourceTree = "<group>"; };
		147DAD2B2ACF508B00D676F0 /* MainView.swift */ = {isa = PBXFileReference; fileEncoding = 4; lastKnownFileType = sourcecode.swift; path = MainView.swift; sourceTree = "<group>"; };
		147DAD2D2ACF50C500D676F0 /* LinkView.swift */ = {isa = PBXFileReference; fileEncoding = 4; lastKnownFileType = sourcecode.swift; path = LinkView.swift; sourceTree = "<group>"; };
		147DAD2F2ACF515200D676F0 /* subject.swift */ = {isa = PBXFileReference; fileEncoding = 4; lastKnownFileType = sourcecode.swift; path = subject.swift; sourceTree = "<group>"; };
		147DAD312ACF515900D676F0 /* TimeTableModel.swift */ = {isa = PBXFileReference; fileEncoding = 4; lastKnownFileType = sourcecode.swift; path = TimeTableModel.swift; sourceTree = "<group>"; };
		147DAD332ACF51E700D676F0 /* Data.swift */ = {isa = PBXFileReference; fileEncoding = 4; lastKnownFileType = sourcecode.swift; path = Data.swift; sourceTree = "<group>"; };
		147DAD352ACF530700D676F0 /* CoursesView.swift */ = {isa = PBXFileReference; lastKnownFileType = sourcecode.swift; path = CoursesView.swift; sourceTree = "<group>"; };
		147DAD372ACF57B800D676F0 /* CourseDetailView.swift */ = {isa = PBXFileReference; lastKnownFileType = sourcecode.swift; path = CourseDetailView.swift; sourceTree = "<group>"; };
		147DAD3A2ACF5C0300D676F0 /* Database.xcdatamodel */ = {isa = PBXFileReference; lastKnownFileType = wrapper.xcdatamodel; path = Database.xcdatamodel; sourceTree = "<group>"; };
		147DAD3D2ACF5C6D00D676F0 /* DatabaseController.swift */ = {isa = PBXFileReference; lastKnownFileType = sourcecode.swift; path = DatabaseController.swift; sourceTree = "<group>"; };
		147DAD3F2ACF655B00D676F0 /* ScheduleView.swift */ = {isa = PBXFileReference; lastKnownFileType = sourcecode.swift; path = ScheduleView.swift; sourceTree = "<group>"; };
		147DAD412ACF6A6400D676F0 /* EditCoursesView.swift */ = {isa = PBXFileReference; lastKnownFileType = sourcecode.swift; path = EditCoursesView.swift; sourceTree = "<group>"; };
		147DAD432ACF7AE400D676F0 /* AddExamView.swift */ = {isa = PBXFileReference; lastKnownFileType = sourcecode.swift; path = AddExamView.swift; sourceTree = "<group>"; };
		147DAD452ACF7B2900D676F0 /* ExamDatesView.swift */ = {isa = PBXFileReference; lastKnownFileType = sourcecode.swift; path = ExamDatesView.swift; sourceTree = "<group>"; };
		147DAD472ACF7B9600D676F0 /* SettingView.swift */ = {isa = PBXFileReference; lastKnownFileType = sourcecode.swift; path = SettingView.swift; sourceTree = "<group>"; };
		416E70192ACF4D1F007FA2CA /* AtilimSchedule.app */ = {isa = PBXFileReference; explicitFileType = wrapper.application; includeInIndex = 0; path = AtilimSchedule.app; sourceTree = BUILT_PRODUCTS_DIR; };
		416E701C2ACF4D1F007FA2CA /* AtilimScheduleApp.swift */ = {isa = PBXFileReference; lastKnownFileType = sourcecode.swift; path = AtilimScheduleApp.swift; sourceTree = "<group>"; };
		416E701E2ACF4D1F007FA2CA /* ContentView.swift */ = {isa = PBXFileReference; lastKnownFileType = sourcecode.swift; path = ContentView.swift; sourceTree = "<group>"; };
		416E70202ACF4D20007FA2CA /* Assets.xcassets */ = {isa = PBXFileReference; lastKnownFileType = folder.assetcatalog; path = Assets.xcassets; sourceTree = "<group>"; };
		416E70232ACF4D20007FA2CA /* Preview Assets.xcassets */ = {isa = PBXFileReference; lastKnownFileType = folder.assetcatalog; path = "Preview Assets.xcassets"; sourceTree = "<group>"; };
		416E702A2AD00D8F007FA2CA /* MakeScheduleView.swift */ = {isa = PBXFileReference; lastKnownFileType = sourcecode.swift; path = MakeScheduleView.swift; sourceTree = "<group>"; };
		416E702C2AD01042007FA2CA /* ScheduleGeneratorViewModel.swift */ = {isa = PBXFileReference; lastKnownFileType = sourcecode.swift; path = ScheduleGeneratorViewModel.swift; sourceTree = "<group>"; };
		416E702E2AD01309007FA2CA /* ScheduleResultView.swift */ = {isa = PBXFileReference; lastKnownFileType = sourcecode.swift; path = ScheduleResultView.swift; sourceTree = "<group>"; };
/* End PBXFileReference section */

/* Begin PBXFrameworksBuildPhase section */
		416E70162ACF4D1F007FA2CA /* Frameworks */ = {
			isa = PBXFrameworksBuildPhase;
			buildActionMask = 2147483647;
			files = (
			);
			runOnlyForDeploymentPostprocessing = 0;
		};
/* End PBXFrameworksBuildPhase section */

/* Begin PBXGroup section */
		147DAD1F2ACF4F1B00D676F0 /* Model */ = {
			isa = PBXGroup;
			children = (
				147DAD2F2ACF515200D676F0 /* subject.swift */,
				147DAD312ACF515900D676F0 /* TimeTableModel.swift */,
			);
			path = Model;
			sourceTree = "<group>";
		};
		147DAD202ACF4F2300D676F0 /* ViewModel */ = {
			isa = PBXGroup;
			children = (
				147DAD332ACF51E700D676F0 /* Data.swift */,
				416E702C2AD01042007FA2CA /* ScheduleGeneratorViewModel.swift */,
			);
			path = ViewModel;
			sourceTree = "<group>";
		};
		147DAD212ACF4F2B00D676F0 /* View */ = {
			isa = PBXGroup;
			children = (
				147DAD222ACF4F8C00D676F0 /* OnboardingView.swift */,
				147DAD242ACF4FCB00D676F0 /* HomeView.swift */,
				147DAD2B2ACF508B00D676F0 /* MainView.swift */,
				147DAD2D2ACF50C500D676F0 /* LinkView.swift */,
				147DAD352ACF530700D676F0 /* CoursesView.swift */,
				147DAD372ACF57B800D676F0 /* CourseDetailView.swift */,
				147DAD3F2ACF655B00D676F0 /* ScheduleView.swift */,
				147DAD412ACF6A6400D676F0 /* EditCoursesView.swift */,
				147DAD432ACF7AE400D676F0 /* AddExamView.swift */,
				147DAD452ACF7B2900D676F0 /* ExamDatesView.swift */,
				147DAD472ACF7B9600D676F0 /* SettingView.swift */,
				416E702A2AD00D8F007FA2CA /* MakeScheduleView.swift */,
				416E702E2AD01309007FA2CA /* ScheduleResultView.swift */,
				143134012AD3421E0021E83A /* SelectCourseView.swift */,
			);
			path = View;
			sourceTree = "<group>";
		};
		147DAD262ACF4FFB00D676F0 /* Widgets */ = {
			isa = PBXGroup;
			children = (
				147DAD272ACF500900D676F0 /* CustomeTabBar.swift */,
				147DAD292ACF500E00D676F0 /* HexagonView.swift */,
			);
			path = Widgets;
			sourceTree = "<group>";
		};
		147DAD3C2ACF5C5000D676F0 /* Manager */ = {
			isa = PBXGroup;
			children = (
				147DAD3D2ACF5C6D00D676F0 /* DatabaseController.swift */,
				143134112AD5C8C40021E83A /* NotificationManager.swift */,
			);
			path = Manager;
			sourceTree = "<group>";
		};
		416E70102ACF4D1F007FA2CA = {
			isa = PBXGroup;
			children = (
				416E701B2ACF4D1F007FA2CA /* AtilimSchedule */,
				416E701A2ACF4D1F007FA2CA /* Products */,
			);
			sourceTree = "<group>";
		};
		416E701A2ACF4D1F007FA2CA /* Products */ = {
			isa = PBXGroup;
			children = (
				416E70192ACF4D1F007FA2CA /* AtilimSchedule.app */,
			);
			name = Products;
			sourceTree = "<group>";
		};
		416E701B2ACF4D1F007FA2CA /* AtilimSchedule */ = {
			isa = PBXGroup;
			children = (
				147DAD3C2ACF5C5000D676F0 /* Manager */,
				147DAD262ACF4FFB00D676F0 /* Widgets */,
				147DAD212ACF4F2B00D676F0 /* View */,
				147DAD202ACF4F2300D676F0 /* ViewModel */,
				147DAD1F2ACF4F1B00D676F0 /* Model */,
				416E701C2ACF4D1F007FA2CA /* AtilimScheduleApp.swift */,
				416E701E2ACF4D1F007FA2CA /* ContentView.swift */,
				416E70202ACF4D20007FA2CA /* Assets.xcassets */,
				416E70222ACF4D20007FA2CA /* Preview Content */,
				147DAD392ACF5C0300D676F0 /* Database.xcdatamodeld */,
			);
			path = AtilimSchedule;
			sourceTree = "<group>";
		};
		416E70222ACF4D20007FA2CA /* Preview Content */ = {
			isa = PBXGroup;
			children = (
				416E70232ACF4D20007FA2CA /* Preview Assets.xcassets */,
			);
			path = "Preview Content";
			sourceTree = "<group>";
		};
/* End PBXGroup section */

/* Begin PBXNativeTarget section */
		416E70182ACF4D1F007FA2CA /* AtilimSchedule */ = {
			isa = PBXNativeTarget;
			buildConfigurationList = 416E70272ACF4D20007FA2CA /* Build configuration list for PBXNativeTarget "AtilimSchedule" */;
			buildPhases = (
				416E70152ACF4D1F007FA2CA /* Sources */,
				416E70162ACF4D1F007FA2CA /* Frameworks */,
				416E70172ACF4D1F007FA2CA /* Resources */,
			);
			buildRules = (
			);
			dependencies = (
			);
			name = AtilimSchedule;
			productName = AtilimSchedule;
			productReference = 416E70192ACF4D1F007FA2CA /* AtilimSchedule.app */;
			productType = "com.apple.product-type.application";
		};
/* End PBXNativeTarget section */

/* Begin PBXProject section */
		416E70112ACF4D1F007FA2CA /* Project object */ = {
			isa = PBXProject;
			attributes = {
				BuildIndependentTargetsInParallel = 1;
				LastSwiftUpdateCheck = 1500;
				LastUpgradeCheck = 1500;
				TargetAttributes = {
					416E70182ACF4D1F007FA2CA = {
						CreatedOnToolsVersion = 15.0;
					};
				};
			};
			buildConfigurationList = 416E70142ACF4D1F007FA2CA /* Build configuration list for PBXProject "AtilimSchedule" */;
			compatibilityVersion = "Xcode 14.0";
			developmentRegion = en;
			hasScannedForEncodings = 0;
			knownRegions = (
				en,
				Base,
			);
			mainGroup = 416E70102ACF4D1F007FA2CA;
			productRefGroup = 416E701A2ACF4D1F007FA2CA /* Products */;
			projectDirPath = "";
			projectRoot = "";
			targets = (
				416E70182ACF4D1F007FA2CA /* AtilimSchedule */,
			);
		};
/* End PBXProject section */

/* Begin PBXResourcesBuildPhase section */
		416E70172ACF4D1F007FA2CA /* Resources */ = {
			isa = PBXResourcesBuildPhase;
			buildActionMask = 2147483647;
			files = (
				416E70242ACF4D20007FA2CA /* Preview Assets.xcassets in Resources */,
				416E70212ACF4D20007FA2CA /* Assets.xcassets in Resources */,
			);
			runOnlyForDeploymentPostprocessing = 0;
		};
/* End PBXResourcesBuildPhase section */

/* Begin PBXSourcesBuildPhase section */
		416E70152ACF4D1F007FA2CA /* Sources */ = {
			isa = PBXSourcesBuildPhase;
			buildActionMask = 2147483647;
			files = (
				147DAD462ACF7B2900D676F0 /* ExamDatesView.swift in Sources */,
				147DAD482ACF7B9600D676F0 /* SettingView.swift in Sources */,
				147DAD3B2ACF5C0300D676F0 /* Database.xcdatamodeld in Sources */,
				147DAD232ACF4F8C00D676F0 /* OnboardingView.swift in Sources */,
				147DAD402ACF655B00D676F0 /* ScheduleView.swift in Sources */,
				143134022AD3421E0021E83A /* SelectCourseView.swift in Sources */,
				147DAD322ACF515900D676F0 /* TimeTableModel.swift in Sources */,
				147DAD2C2ACF508B00D676F0 /* MainView.swift in Sources */,
				147DAD422ACF6A6400D676F0 /* EditCoursesView.swift in Sources */,
				147DAD302ACF515200D676F0 /* subject.swift in Sources */,
				147DAD3E2ACF5C6D00D676F0 /* DatabaseController.swift in Sources */,
				416E702F2AD01309007FA2CA /* ScheduleResultView.swift in Sources */,
				416E702D2AD01042007FA2CA /* ScheduleGeneratorViewModel.swift in Sources */,
				147DAD342ACF51E700D676F0 /* Data.swift in Sources */,
				416E702B2AD00D8F007FA2CA /* MakeScheduleView.swift in Sources */,
				147DAD442ACF7AE400D676F0 /* AddExamView.swift in Sources */,
				147DAD2E2ACF50C500D676F0 /* LinkView.swift in Sources */,
				147DAD282ACF500900D676F0 /* CustomeTabBar.swift in Sources */,
				147DAD382ACF57B800D676F0 /* CourseDetailView.swift in Sources */,
				147DAD252ACF4FCB00D676F0 /* HomeView.swift in Sources */,
				416E701F2ACF4D1F007FA2CA /* ContentView.swift in Sources */,
				416E701D2ACF4D1F007FA2CA /* AtilimScheduleApp.swift in Sources */,
				143134122AD5C8C40021E83A /* NotificationManager.swift in Sources */,
				147DAD2A2ACF500E00D676F0 /* HexagonView.swift in Sources */,
				147DAD362ACF530800D676F0 /* CoursesView.swift in Sources */,
			);
			runOnlyForDeploymentPostprocessing = 0;
		};
/* End PBXSourcesBuildPhase section */

/* Begin XCBuildConfiguration section */
		416E70252ACF4D20007FA2CA /* Debug */ = {
			isa = XCBuildConfiguration;
			buildSettings = {
				ALWAYS_SEARCH_USER_PATHS = NO;
				ASSETCATALOG_COMPILER_GENERATE_SWIFT_ASSET_SYMBOL_EXTENSIONS = YES;
				CLANG_ANALYZER_NONNULL = YES;
				CLANG_ANALYZER_NUMBER_OBJECT_CONVERSION = YES_AGGRESSIVE;
				CLANG_CXX_LANGUAGE_STANDARD = "gnu++20";
				CLANG_ENABLE_MODULES = YES;
				CLANG_ENABLE_OBJC_ARC = YES;
				CLANG_ENABLE_OBJC_WEAK = YES;
				CLANG_WARN_BLOCK_CAPTURE_AUTORELEASING = YES;
				CLANG_WARN_BOOL_CONVERSION = YES;
				CLANG_WARN_COMMA = YES;
				CLANG_WARN_CONSTANT_CONVERSION = YES;
				CLANG_WARN_DEPRECATED_OBJC_IMPLEMENTATIONS = YES;
				CLANG_WARN_DIRECT_OBJC_ISA_USAGE = YES_ERROR;
				CLANG_WARN_DOCUMENTATION_COMMENTS = YES;
				CLANG_WARN_EMPTY_BODY = YES;
				CLANG_WARN_ENUM_CONVERSION = YES;
				CLANG_WARN_INFINITE_RECURSION = YES;
				CLANG_WARN_INT_CONVERSION = YES;
				CLANG_WARN_NON_LITERAL_NULL_CONVERSION = YES;
				CLANG_WARN_OBJC_IMPLICIT_RETAIN_SELF = YES;
				CLANG_WARN_OBJC_LITERAL_CONVERSION = YES;
				CLANG_WARN_OBJC_ROOT_CLASS = YES_ERROR;
				CLANG_WARN_QUOTED_INCLUDE_IN_FRAMEWORK_HEADER = YES;
				CLANG_WARN_RANGE_LOOP_ANALYSIS = YES;
				CLANG_WARN_STRICT_PROTOTYPES = YES;
				CLANG_WARN_SUSPICIOUS_MOVE = YES;
				CLANG_WARN_UNGUARDED_AVAILABILITY = YES_AGGRESSIVE;
				CLANG_WARN_UNREACHABLE_CODE = YES;
				CLANG_WARN__DUPLICATE_METHOD_MATCH = YES;
				COPY_PHASE_STRIP = NO;
				DEBUG_INFORMATION_FORMAT = dwarf;
				ENABLE_STRICT_OBJC_MSGSEND = YES;
				ENABLE_TESTABILITY = YES;
				ENABLE_USER_SCRIPT_SANDBOXING = YES;
				GCC_C_LANGUAGE_STANDARD = gnu17;
				GCC_DYNAMIC_NO_PIC = NO;
				GCC_NO_COMMON_BLOCKS = YES;
				GCC_OPTIMIZATION_LEVEL = 0;
				GCC_PREPROCESSOR_DEFINITIONS = (
					"DEBUG=1",
					"$(inherited)",
				);
				GCC_WARN_64_TO_32_BIT_CONVERSION = YES;
				GCC_WARN_ABOUT_RETURN_TYPE = YES_ERROR;
				GCC_WARN_UNDECLARED_SELECTOR = YES;
				GCC_WARN_UNINITIALIZED_AUTOS = YES_AGGRESSIVE;
				GCC_WARN_UNUSED_FUNCTION = YES;
				GCC_WARN_UNUSED_VARIABLE = YES;
				IPHONEOS_DEPLOYMENT_TARGET = 17.0;
				LOCALIZATION_PREFERS_STRING_CATALOGS = YES;
				MTL_ENABLE_DEBUG_INFO = INCLUDE_SOURCE;
				MTL_FAST_MATH = YES;
				ONLY_ACTIVE_ARCH = YES;
				SDKROOT = iphoneos;
				SWIFT_ACTIVE_COMPILATION_CONDITIONS = "DEBUG $(inherited)";
				SWIFT_OPTIMIZATION_LEVEL = "-Onone";
			};
			name = Debug;
		};
		416E70262ACF4D20007FA2CA /* Release */ = {
			isa = XCBuildConfiguration;
			buildSettings = {
				ALWAYS_SEARCH_USER_PATHS = NO;
				ASSETCATALOG_COMPILER_GENERATE_SWIFT_ASSET_SYMBOL_EXTENSIONS = YES;
				CLANG_ANALYZER_NONNULL = YES;
				CLANG_ANALYZER_NUMBER_OBJECT_CONVERSION = YES_AGGRESSIVE;
				CLANG_CXX_LANGUAGE_STANDARD = "gnu++20";
				CLANG_ENABLE_MODULES = YES;
				CLANG_ENABLE_OBJC_ARC = YES;
				CLANG_ENABLE_OBJC_WEAK = YES;
				CLANG_WARN_BLOCK_CAPTURE_AUTORELEASING = YES;
				CLANG_WARN_BOOL_CONVERSION = YES;
				CLANG_WARN_COMMA = YES;
				CLANG_WARN_CONSTANT_CONVERSION = YES;
				CLANG_WARN_DEPRECATED_OBJC_IMPLEMENTATIONS = YES;
				CLANG_WARN_DIRECT_OBJC_ISA_USAGE = YES_ERROR;
				CLANG_WARN_DOCUMENTATION_COMMENTS = YES;
				CLANG_WARN_EMPTY_BODY = YES;
				CLANG_WARN_ENUM_CONVERSION = YES;
				CLANG_WARN_INFINITE_RECURSION = YES;
				CLANG_WARN_INT_CONVERSION = YES;
				CLANG_WARN_NON_LITERAL_NULL_CONVERSION = YES;
				CLANG_WARN_OBJC_IMPLICIT_RETAIN_SELF = YES;
				CLANG_WARN_OBJC_LITERAL_CONVERSION = YES;
				CLANG_WARN_OBJC_ROOT_CLASS = YES_ERROR;
				CLANG_WARN_QUOTED_INCLUDE_IN_FRAMEWORK_HEADER = YES;
				CLANG_WARN_RANGE_LOOP_ANALYSIS = YES;
				CLANG_WARN_STRICT_PROTOTYPES = YES;
				CLANG_WARN_SUSPICIOUS_MOVE = YES;
				CLANG_WARN_UNGUARDED_AVAILABILITY = YES_AGGRESSIVE;
				CLANG_WARN_UNREACHABLE_CODE = YES;
				CLANG_WARN__DUPLICATE_METHOD_MATCH = YES;
				COPY_PHASE_STRIP = NO;
				DEBUG_INFORMATION_FORMAT = "dwarf-with-dsym";
				ENABLE_NS_ASSERTIONS = NO;
				ENABLE_STRICT_OBJC_MSGSEND = YES;
				ENABLE_USER_SCRIPT_SANDBOXING = YES;
				GCC_C_LANGUAGE_STANDARD = gnu17;
				GCC_NO_COMMON_BLOCKS = YES;
				GCC_WARN_64_TO_32_BIT_CONVERSION = YES;
				GCC_WARN_ABOUT_RETURN_TYPE = YES_ERROR;
				GCC_WARN_UNDECLARED_SELECTOR = YES;
				GCC_WARN_UNINITIALIZED_AUTOS = YES_AGGRESSIVE;
				GCC_WARN_UNUSED_FUNCTION = YES;
				GCC_WARN_UNUSED_VARIABLE = YES;
				IPHONEOS_DEPLOYMENT_TARGET = 17.0;
				LOCALIZATION_PREFERS_STRING_CATALOGS = YES;
				MTL_ENABLE_DEBUG_INFO = NO;
				MTL_FAST_MATH = YES;
				SDKROOT = iphoneos;
				SWIFT_COMPILATION_MODE = wholemodule;
				VALIDATE_PRODUCT = YES;
			};
			name = Release;
		};
		416E70282ACF4D20007FA2CA /* Debug */ = {
			isa = XCBuildConfiguration;
			buildSettings = {
				ASSETCATALOG_COMPILER_APPICON_NAME = AppIcon;
				ASSETCATALOG_COMPILER_GLOBAL_ACCENT_COLOR_NAME = AccentColor;
				CODE_SIGN_STYLE = Automatic;
				CURRENT_PROJECT_VERSION = 1;
				DEVELOPMENT_ASSET_PATHS = "\"AtilimSchedule/Preview Content\"";
				DEVELOPMENT_TEAM = NHZZ4N5FVR;
				ENABLE_PREVIEWS = YES;
				GENERATE_INFOPLIST_FILE = YES;
				INFOPLIST_KEY_CFBundleDisplayName = "Atilim Schedule";
				INFOPLIST_KEY_UIApplicationSceneManifest_Generation = YES;
				INFOPLIST_KEY_UIApplicationSupportsIndirectInputEvents = YES;
				INFOPLIST_KEY_UILaunchScreen_Generation = YES;
				INFOPLIST_KEY_UISupportedInterfaceOrientations = UIInterfaceOrientationPortrait;
				INFOPLIST_KEY_UISupportedInterfaceOrientations_iPad = "UIInterfaceOrientationLandscapeLeft UIInterfaceOrientationLandscapeRight UIInterfaceOrientationPortrait UIInterfaceOrientationPortraitUpsideDown";
				IPHONEOS_DEPLOYMENT_TARGET = 15.0;
				LD_RUNPATH_SEARCH_PATHS = (
					"$(inherited)",
					"@executable_path/Frameworks",
				);
				MARKETING_VERSION = 1.1;
				PRODUCT_BUNDLE_IDENTIFIER = com.aliamer.atilim;
				PRODUCT_NAME = "$(TARGET_NAME)";
				SUPPORTED_PLATFORMS = "iphoneos iphonesimulator";
				SUPPORTS_MACCATALYST = NO;
				SWIFT_EMIT_LOC_STRINGS = YES;
				SWIFT_VERSION = 5.0;
				TARGETED_DEVICE_FAMILY = 1;
			};
			name = Debug;
		};
		416E70292ACF4D20007FA2CA /* Release */ = {
			isa = XCBuildConfiguration;
			buildSettings = {
				ASSETCATALOG_COMPILER_APPICON_NAME = AppIcon;
				ASSETCATALOG_COMPILER_GLOBAL_ACCENT_COLOR_NAME = AccentColor;
				CODE_SIGN_STYLE = Automatic;
				CURRENT_PROJECT_VERSION = 1;
				DEVELOPMENT_ASSET_PATHS = "\"AtilimSchedule/Preview Content\"";
				DEVELOPMENT_TEAM = NHZZ4N5FVR;
				ENABLE_PREVIEWS = YES;
				GENERATE_INFOPLIST_FILE = YES;
				INFOPLIST_KEY_CFBundleDisplayName = "Atilim Schedule";
				INFOPLIST_KEY_UIApplicationSceneManifest_Generation = YES;
				INFOPLIST_KEY_UIApplicationSupportsIndirectInputEvents = YES;
				INFOPLIST_KEY_UILaunchScreen_Generation = YES;
				INFOPLIST_KEY_UISupportedInterfaceOrientations = UIInterfaceOrientationPortrait;
				INFOPLIST_KEY_UISupportedInterfaceOrientations_iPad = "UIInterfaceOrientationLandscapeLeft UIInterfaceOrientationLandscapeRight UIInterfaceOrientationPortrait UIInterfaceOrientationPortraitUpsideDown";
				IPHONEOS_DEPLOYMENT_TARGET = 15.0;
				LD_RUNPATH_SEARCH_PATHS = (
					"$(inherited)",
					"@executable_path/Frameworks",
				);
				MARKETING_VERSION = 1.1;
				PRODUCT_BUNDLE_IDENTIFIER = com.aliamer.atilim;
				PRODUCT_NAME = "$(TARGET_NAME)";
				SUPPORTED_PLATFORMS = "iphoneos iphonesimulator";
				SUPPORTS_MACCATALYST = NO;
				SWIFT_EMIT_LOC_STRINGS = YES;
				SWIFT_VERSION = 5.0;
				TARGETED_DEVICE_FAMILY = 1;
			};
			name = Release;
		};
/* End XCBuildConfiguration section */

/* Begin XCConfigurationList section */
		416E70142ACF4D1F007FA2CA /* Build configuration list for PBXProject "AtilimSchedule" */ = {
			isa = XCConfigurationList;
			buildConfigurations = (
				416E70252ACF4D20007FA2CA /* Debug */,
				416E70262ACF4D20007FA2CA /* Release */,
			);
			defaultConfigurationIsVisible = 0;
			defaultConfigurationName = Release;
		};
		416E70272ACF4D20007FA2CA /* Build configuration list for PBXNativeTarget "AtilimSchedule" */ = {
			isa = XCConfigurationList;
			buildConfigurations = (
				416E70282ACF4D20007FA2CA /* Debug */,
				416E70292ACF4D20007FA2CA /* Release */,
			);
			defaultConfigurationIsVisible = 0;
			defaultConfigurationName = Release;
		};
/* End XCConfigurationList section */

/* Begin XCVersionGroup section */
		147DAD392ACF5C0300D676F0 /* Database.xcdatamodeld */ = {
			isa = XCVersionGroup;
			children = (
				147DAD3A2ACF5C0300D676F0 /* Database.xcdatamodel */,
			);
			currentVersion = 147DAD3A2ACF5C0300D676F0 /* Database.xcdatamodel */;
			path = Database.xcdatamodeld;
			sourceTree = "<group>";
			versionGroupType = wrapper.xcdatamodel;
		};
/* End XCVersionGroup section */
	};
	rootObject = 416E70112ACF4D1F007FA2CA /* Project object */;
}
